
Microsoft Visual Studio Solution File, Format Version 12.00
# Visual Studio Version 17
VisualStudioVersion = 17.4.33213.308
MinimumVisualStudioVersion = 10.0.40219.1
Project("{2150E333-8FDC-42A3-9474-1A3956D46DE8}") = "src", "src", "{F1678B28-8440-45F9-962C-B1DC3161B944}"
EndProject
Project("{2150E333-8FDC-42A3-9474-1A3956D46DE8}") = "tests", "tests", "{A4D6D89E-85AF-4AB0-9F58-55EF123D0427}"
EndProject
Project("{2150E333-8FDC-42A3-9474-1A3956D46DE8}") = "Backend", "Backend", "{E344A1C4-7338-4DBC-AB52-DE6437E11E5D}"
EndProject
Project("{2150E333-8FDC-42A3-9474-1A3956D46DE8}") = "Shared", "Shared", "{59C13CD4-48E2-4B3E-82DB-C9CC8036DB39}"
EndProject
Project("{9A19103F-16F7-4668-BE54-9A1E7A4F7556}") = "Communication", "src\Shared\Communication\Communication.csproj", "{6ED39D9E-B530-4D85-9F82-E6A7BD0C7CF6}"
EndProject
Project("{9A19103F-16F7-4668-BE54-9A1E7A4F7556}") = "Exceptions", "src\Shared\Exceptions\Exceptions.csproj", "{C578BE11-2D1D-4433-88F9-2C7699AB9DEF}"
EndProject
Project("{9A19103F-16F7-4668-BE54-9A1E7A4F7556}") = "Application", "src\Backend\Application\Application.csproj", "{485F2701-C62A-458A-AD28-3BDBD59495A1}"
EndProject
Project("{9A19103F-16F7-4668-BE54-9A1E7A4F7556}") = "Domain", "src\Backend\Domain\Domain.csproj", "{5A0C5AA2-CE29-4144-B5A6-1FFC8003B6F6}"
EndProject
Project("{9A19103F-16F7-4668-BE54-9A1E7A4F7556}") = "Infrastructure", "src\Backend\Infrastructure\Infrastructure.csproj", "{E62F0BF3-405A-41C5-BF80-25560C34C620}"
EndProject
Project("{9A19103F-16F7-4668-BE54-9A1E7A4F7556}") = "Api", "src\Backend\API\Api.csproj", "{5CC78965-EB1B-4371-AA37-BFE4DA93AC15}"
EndProject
Project("{9A19103F-16F7-4668-BE54-9A1E7A4F7556}") = "Validators.Tests", "tests\ValidatorsTests\Validators.Tests.csproj", "{67B39847-E8BE-416E-BF20-8DE87CE8A044}"
EndProject
Project("{9A19103F-16F7-4668-BE54-9A1E7A4F7556}") = "UseCases.Tests", "tests\UseCasesTests\UseCases.Tests.csproj", "{E0FB22C6-CAFC-4C66-B4E9-C8FF24396EFA}"
EndProject
Project("{9A19103F-16F7-4668-BE54-9A1E7A4F7556}") = "WebApi.Tests", "tests\WebApi.Tests\WebApi.Tests.csproj", "{59B660A2-9E85-4D48-A0DD-D13ADBB83C9F}"
EndProject
Project("{9A19103F-16F7-4668-BE54-9A1E7A4F7556}") = "Utils", "tests\Utils\Utils.csproj", "{F21704A2-833B-4C76-943D-EA90A38936EC}"
EndProject
Global
	GlobalSection(SolutionConfigurationPlatforms) = preSolution
		Debug|Any CPU = Debug|Any CPU
		Release|Any CPU = Release|Any CPU
	EndGlobalSection
	GlobalSection(ProjectConfigurationPlatforms) = postSolution
		{6ED39D9E-B530-4D85-9F82-E6A7BD0C7CF6}.Debug|Any CPU.ActiveCfg = Debug|Any CPU
		{6ED39D9E-B530-4D85-9F82-E6A7BD0C7CF6}.Debug|Any CPU.Build.0 = Debug|Any CPU
		{6ED39D9E-B530-4D85-9F82-E6A7BD0C7CF6}.Release|Any CPU.ActiveCfg = Release|Any CPU
		{6ED39D9E-B530-4D85-9F82-E6A7BD0C7CF6}.Release|Any CPU.Build.0 = Release|Any CPU
		{C578BE11-2D1D-4433-88F9-2C7699AB9DEF}.Debug|Any CPU.ActiveCfg = Debug|Any CPU
		{C578BE11-2D1D-4433-88F9-2C7699AB9DEF}.Debug|Any CPU.Build.0 = Debug|Any CPU
		{C578BE11-2D1D-4433-88F9-2C7699AB9DEF}.Release|Any CPU.ActiveCfg = Release|Any CPU
		{C578BE11-2D1D-4433-88F9-2C7699AB9DEF}.Release|Any CPU.Build.0 = Release|Any CPU
		{485F2701-C62A-458A-AD28-3BDBD59495A1}.Debug|Any CPU.ActiveCfg = Debug|Any CPU
		{485F2701-C62A-458A-AD28-3BDBD59495A1}.Debug|Any CPU.Build.0 = Debug|Any CPU
		{485F2701-C62A-458A-AD28-3BDBD59495A1}.Release|Any CPU.ActiveCfg = Release|Any CPU
		{485F2701-C62A-458A-AD28-3BDBD59495A1}.Release|Any CPU.Build.0 = Release|Any CPU
		{5A0C5AA2-CE29-4144-B5A6-1FFC8003B6F6}.Debug|Any CPU.ActiveCfg = Debug|Any CPU
		{5A0C5AA2-CE29-4144-B5A6-1FFC8003B6F6}.Debug|Any CPU.Build.0 = Debug|Any CPU
		{5A0C5AA2-CE29-4144-B5A6-1FFC8003B6F6}.Release|Any CPU.ActiveCfg = Release|Any CPU
		{5A0C5AA2-CE29-4144-B5A6-1FFC8003B6F6}.Release|Any CPU.Build.0 = Release|Any CPU
		{E62F0BF3-405A-41C5-BF80-25560C34C620}.Debug|Any CPU.ActiveCfg = Debug|Any CPU
		{E62F0BF3-405A-41C5-BF80-25560C34C620}.Debug|Any CPU.Build.0 = Debug|Any CPU
		{E62F0BF3-405A-41C5-BF80-25560C34C620}.Release|Any CPU.ActiveCfg = Release|Any CPU
		{E62F0BF3-405A-41C5-BF80-25560C34C620}.Release|Any CPU.Build.0 = Release|Any CPU
		{5CC78965-EB1B-4371-AA37-BFE4DA93AC15}.Debug|Any CPU.ActiveCfg = Debug|Any CPU
		{5CC78965-EB1B-4371-AA37-BFE4DA93AC15}.Debug|Any CPU.Build.0 = Debug|Any CPU
		{5CC78965-EB1B-4371-AA37-BFE4DA93AC15}.Release|Any CPU.ActiveCfg = Release|Any CPU
		{5CC78965-EB1B-4371-AA37-BFE4DA93AC15}.Release|Any CPU.Build.0 = Release|Any CPU
		{67B39847-E8BE-416E-BF20-8DE87CE8A044}.Debug|Any CPU.ActiveCfg = Debug|Any CPU
		{67B39847-E8BE-416E-BF20-8DE87CE8A044}.Debug|Any CPU.Build.0 = Debug|Any CPU
		{67B39847-E8BE-416E-BF20-8DE87CE8A044}.Release|Any CPU.ActiveCfg = Release|Any CPU
		{67B39847-E8BE-416E-BF20-8DE87CE8A044}.Release|Any CPU.Build.0 = Release|Any CPU
		{E0FB22C6-CAFC-4C66-B4E9-C8FF24396EFA}.Debug|Any CPU.ActiveCfg = Debug|Any CPU
		{E0FB22C6-CAFC-4C66-B4E9-C8FF24396EFA}.Debug|Any CPU.Build.0 = Debug|Any CPU
		{E0FB22C6-CAFC-4C66-B4E9-C8FF24396EFA}.Release|Any CPU.ActiveCfg = Release|Any CPU
		{E0FB22C6-CAFC-4C66-B4E9-C8FF24396EFA}.Release|Any CPU.Build.0 = Release|Any CPU
		{59B660A2-9E85-4D48-A0DD-D13ADBB83C9F}.Debug|Any CPU.ActiveCfg = Debug|Any CPU
		{59B660A2-9E85-4D48-A0DD-D13ADBB83C9F}.Debug|Any CPU.Build.0 = Debug|Any CPU
		{59B660A2-9E85-4D48-A0DD-D13ADBB83C9F}.Release|Any CPU.ActiveCfg = Release|Any CPU
		{59B660A2-9E85-4D48-A0DD-D13ADBB83C9F}.Release|Any CPU.Build.0 = Release|Any CPU
		{F21704A2-833B-4C76-943D-EA90A38936EC}.Debug|Any CPU.ActiveCfg = Debug|Any CPU
		{F21704A2-833B-4C76-943D-EA90A38936EC}.Debug|Any CPU.Build.0 = Debug|Any CPU
		{F21704A2-833B-4C76-943D-EA90A38936EC}.Release|Any CPU.ActiveCfg = Release|Any CPU
		{F21704A2-833B-4C76-943D-EA90A38936EC}.Release|Any CPU.Build.0 = Release|Any CPU
	EndGlobalSection
	GlobalSection(SolutionProperties) = preSolution
		HideSolutionNode = FALSE
	EndGlobalSection
	GlobalSection(NestedProjects) = preSolution
		{E344A1C4-7338-4DBC-AB52-DE6437E11E5D} = {F1678B28-8440-45F9-962C-B1DC3161B944}
		{59C13CD4-48E2-4B3E-82DB-C9CC8036DB39} = {F1678B28-8440-45F9-962C-B1DC3161B944}
		{6ED39D9E-B530-4D85-9F82-E6A7BD0C7CF6} = {59C13CD4-48E2-4B3E-82DB-C9CC8036DB39}
		{C578BE11-2D1D-4433-88F9-2C7699AB9DEF} = {59C13CD4-48E2-4B3E-82DB-C9CC8036DB39}
		{485F2701-C62A-458A-AD28-3BDBD59495A1} = {E344A1C4-7338-4DBC-AB52-DE6437E11E5D}
		{5A0C5AA2-CE29-4144-B5A6-1FFC8003B6F6} = {E344A1C4-7338-4DBC-AB52-DE6437E11E5D}
		{E62F0BF3-405A-41C5-BF80-25560C34C620} = {E344A1C4-7338-4DBC-AB52-DE6437E11E5D}
		{5CC78965-EB1B-4371-AA37-BFE4DA93AC15} = {E344A1C4-7338-4DBC-AB52-DE6437E11E5D}
		{67B39847-E8BE-416E-BF20-8DE87CE8A044} = {A4D6D89E-85AF-4AB0-9F58-55EF123D0427}
		{E0FB22C6-CAFC-4C66-B4E9-C8FF24396EFA} = {A4D6D89E-85AF-4AB0-9F58-55EF123D0427}
		{59B660A2-9E85-4D48-A0DD-D13ADBB83C9F} = {A4D6D89E-85AF-4AB0-9F58-55EF123D0427}
		{F21704A2-833B-4C76-943D-EA90A38936EC} = {A4D6D89E-85AF-4AB0-9F58-55EF123D0427}
	EndGlobalSection
	GlobalSection(ExtensibilityGlobals) = postSolution
		SolutionGuid = {1BBD057B-865A-4F13-BC33-EAC27BD87513}
	EndGlobalSection
EndGlobal
